// !$*UTF8*$!
{
	archiveVersion = 1;
	classes = {
	};
	objectVersion = 46;
	objects = {

/* Begin PBXBuildFile section */
		D2D82B261F7CDD28000CAEE5 /* AppDelegate.swift in Sources */ = {isa = PBXBuildFile; fileRef = D2D82B251F7CDD28000CAEE5 /* AppDelegate.swift */; };
		D2D82B2D1F7CDD28000CAEE5 /* Main.storyboard in Resources */ = {isa = PBXBuildFile; fileRef = D2D82B2B1F7CDD28000CAEE5 /* Main.storyboard */; };
		D2D82B2F1F7CDD28000CAEE5 /* Assets.xcassets in Resources */ = {isa = PBXBuildFile; fileRef = D2D82B2E1F7CDD28000CAEE5 /* Assets.xcassets */; };
		D2D82B321F7CDD28000CAEE5 /* LaunchScreen.storyboard in Resources */ = {isa = PBXBuildFile; fileRef = D2D82B301F7CDD28000CAEE5 /* LaunchScreen.storyboard */; };
		D2D82B401F7CDE84000CAEE5 /* TracksViewController.swift in Sources */ = {isa = PBXBuildFile; fileRef = D2D82B3F1F7CDE84000CAEE5 /* TracksViewController.swift */; };
		F30AAE2912DACC63F5ECAD1B /* Pods_SampleAlamofireMapper.framework in Frameworks */ = {isa = PBXBuildFile; fileRef = 9CD6A0DD14BA81DAAC52D07D /* Pods_SampleAlamofireMapper.framework */; };
/* End PBXBuildFile section */

/* Begin PBXFileReference section */
		66FE10527840DF1BBFE0B73B /* Pods-SampleAlamofireMapper.release.xcconfig */ = {isa = PBXFileReference; includeInIndex = 1; lastKnownFileType = text.xcconfig; name = "Pods-SampleAlamofireMapper.release.xcconfig"; path = "Pods/Target Support Files/Pods-SampleAlamofireMapper/Pods-SampleAlamofireMapper.release.xcconfig"; sourceTree = "<group>"; };
		9CD6A0DD14BA81DAAC52D07D /* Pods_SampleAlamofireMapper.framework */ = {isa = PBXFileReference; explicitFileType = wrapper.framework; includeInIndex = 0; path = Pods_SampleAlamofireMapper.framework; sourceTree = BUILT_PRODUCTS_DIR; };
		D2D82B221F7CDD28000CAEE5 /* SampleAlamofireMapper.app */ = {isa = PBXFileReference; explicitFileType = wrapper.application; includeInIndex = 0; path = SampleAlamofireMapper.app; sourceTree = BUILT_PRODUCTS_DIR; };
		D2D82B251F7CDD28000CAEE5 /* AppDelegate.swift */ = {isa = PBXFileReference; lastKnownFileType = sourcecode.swift; path = AppDelegate.swift; sourceTree = "<group>"; };
		D2D82B2C1F7CDD28000CAEE5 /* Base */ = {isa = PBXFileReference; lastKnownFileType = file.storyboard; name = Base; path = Base.lproj/Main.storyboard; sourceTree = "<group>"; };
		D2D82B2E1F7CDD28000CAEE5 /* Assets.xcassets */ = {isa = PBXFileReference; lastKnownFileType = folder.assetcatalog; path = Assets.xcassets; sourceTree = "<group>"; };
		D2D82B311F7CDD28000CAEE5 /* Base */ = {isa = PBXFileReference; lastKnownFileType = file.storyboard; name = Base; path = Base.lproj/LaunchScreen.storyboard; sourceTree = "<group>"; };
		D2D82B331F7CDD28000CAEE5 /* Info.plist */ = {isa = PBXFileReference; lastKnownFileType = text.plist.xml; path = Info.plist; sourceTree = "<group>"; };
		D2D82B3F1F7CDE84000CAEE5 /* TracksViewController.swift */ = {isa = PBXFileReference; fileEncoding = 4; lastKnownFileType = sourcecode.swift; path = TracksViewController.swift; sourceTree = "<group>"; };
		E374D42B2B145237798AFE60 /* Pods-SampleAlamofireMapper.debug.xcconfig */ = {isa = PBXFileReference; includeInIndex = 1; lastKnownFileType = text.xcconfig; name = "Pods-SampleAlamofireMapper.debug.xcconfig"; path = "Pods/Target Support Files/Pods-SampleAlamofireMapper/Pods-SampleAlamofireMapper.debug.xcconfig"; sourceTree = "<group>"; };
/* End PBXFileReference section */

/* Begin PBXFrameworksBuildPhase section */
		D2D82B1F1F7CDD28000CAEE5 /* Frameworks */ = {
			isa = PBXFrameworksBuildPhase;
			buildActionMask = 2147483647;
			files = (
				F30AAE2912DACC63F5ECAD1B /* Pods_SampleAlamofireMapper.framework in Frameworks */,
			);
			runOnlyForDeploymentPostprocessing = 0;
		};
/* End PBXFrameworksBuildPhase section */

/* Begin PBXGroup section */
		7D49FBAFA07D61AC75EAF659 /* Frameworks */ = {
			isa = PBXGroup;
			children = (
				9CD6A0DD14BA81DAAC52D07D /* Pods_SampleAlamofireMapper.framework */,
			);
			name = Frameworks;
			sourceTree = "<group>";
		};
		D2D82B191F7CDD28000CAEE5 = {
			isa = PBXGroup;
			children = (
				D2D82B241F7CDD28000CAEE5 /* SampleAlamofireMapper */,
				D2D82B231F7CDD28000CAEE5 /* Products */,
				D9A47CE195BD78C5C8ED8792 /* Pods */,
				7D49FBAFA07D61AC75EAF659 /* Frameworks */,
			);
			sourceTree = "<group>";
		};
		D2D82B231F7CDD28000CAEE5 /* Products */ = {
			isa = PBXGroup;
			children = (
				D2D82B221F7CDD28000CAEE5 /* SampleAlamofireMapper.app */,
			);
			name = Products;
			sourceTree = "<group>";
		};
		D2D82B241F7CDD28000CAEE5 /* SampleAlamofireMapper */ = {
			isa = PBXGroup;
			children = (
				D2D82B251F7CDD28000CAEE5 /* AppDelegate.swift */,
				D2D82B3D1F7CDE46000CAEE5 /* Extensions */,
				D2D82B3C1F7CDE3B000CAEE5 /* Components */,
				D2D82B3B1F7CDE33000CAEE5 /* Models */,
				D2D82B3A1F7CDE2D000CAEE5 /* Views */,
				D2D82B391F7CDE24000CAEE5 /* Controllers */,
				D2D82B3E1F7CDE51000CAEE5 /* Supporting Files */,
			);
			path = SampleAlamofireMapper;
			sourceTree = "<group>";
		};
		D2D82B391F7CDE24000CAEE5 /* Controllers */ = {
			isa = PBXGroup;
			children = (
				D2D82B3F1F7CDE84000CAEE5 /* TracksViewController.swift */,
			);
			name = Controllers;
			sourceTree = "<group>";
		};
		D2D82B3A1F7CDE2D000CAEE5 /* Views */ = {
			isa = PBXGroup;
			children = (
			);
			name = Views;
			sourceTree = "<group>";
		};
		D2D82B3B1F7CDE33000CAEE5 /* Models */ = {
			isa = PBXGroup;
			children = (
			);
			name = Models;
			sourceTree = "<group>";
		};
		D2D82B3C1F7CDE3B000CAEE5 /* Components */ = {
			isa = PBXGroup;
			children = (
			);
			name = Components;
			sourceTree = "<group>";
		};
		D2D82B3D1F7CDE46000CAEE5 /* Extensions */ = {
			isa = PBXGroup;
			children = (
			);
			name = Extensions;
			sourceTree = "<group>";
		};
		D2D82B3E1F7CDE51000CAEE5 /* Supporting Files */ = {
			isa = PBXGroup;
			children = (
				D2D82B2B1F7CDD28000CAEE5 /* Main.storyboard */,
				D2D82B2E1F7CDD28000CAEE5 /* Assets.xcassets */,
				D2D82B301F7CDD28000CAEE5 /* LaunchScreen.storyboard */,
				D2D82B331F7CDD28000CAEE5 /* Info.plist */,
			);
			name = "Supporting Files";
			sourceTree = "<group>";
		};
		D9A47CE195BD78C5C8ED8792 /* Pods */ = {
			isa = PBXGroup;
			children = (
				E374D42B2B145237798AFE60 /* Pods-SampleAlamofireMapper.debug.xcconfig */,
				66FE10527840DF1BBFE0B73B /* Pods-SampleAlamofireMapper.release.xcconfig */,
			);
			name = Pods;
			sourceTree = "<group>";
		};
/* End PBXGroup section */

/* Begin PBXNativeTarget section */
		D2D82B211F7CDD28000CAEE5 /* SampleAlamofireMapper */ = {
			isa = PBXNativeTarget;
			buildConfigurationList = D2D82B361F7CDD28000CAEE5 /* Build configuration list for PBXNativeTarget "SampleAlamofireMapper" */;
			buildPhases = (
				15FBA1ECC6A470406E076F75 /* [CP] Check Pods Manifest.lock */,
				D2D82B1E1F7CDD28000CAEE5 /* Sources */,
				D2D82B1F1F7CDD28000CAEE5 /* Frameworks */,
				D2D82B201F7CDD28000CAEE5 /* Resources */,
				BCE161EE7FB81654CCF64931 /* [CP] Embed Pods Frameworks */,
				38B5E17A186BC28192C41D0D /* [CP] Copy Pods Resources */,
			);
			buildRules = (
			);
			dependencies = (
			);
			name = SampleAlamofireMapper;
			productName = SampleAlamofireMapper;
			productReference = D2D82B221F7CDD28000CAEE5 /* SampleAlamofireMapper.app */;
			productType = "com.apple.product-type.application";
		};
/* End PBXNativeTarget section */

/* Begin PBXProject section */
		D2D82B1A1F7CDD28000CAEE5 /* Project object */ = {
			isa = PBXProject;
			attributes = {
				LastSwiftUpdateCheck = 0830;
				LastUpgradeCheck = 0830;
				ORGANIZATIONNAME = Thahir;
				TargetAttributes = {
					D2D82B211F7CDD28000CAEE5 = {
						CreatedOnToolsVersion = 8.3.3;
						ProvisioningStyle = Automatic;
					};
				};
			};
			buildConfigurationList = D2D82B1D1F7CDD28000CAEE5 /* Build configuration list for PBXProject "SampleAlamofireMapper" */;
			compatibilityVersion = "Xcode 3.2";
			developmentRegion = English;
			hasScannedForEncodings = 0;
			knownRegions = (
				en,
				Base,
			);
			mainGroup = D2D82B191F7CDD28000CAEE5;
			productRefGroup = D2D82B231F7CDD28000CAEE5 /* Products */;
			projectDirPath = "";
			projectRoot = "";
			targets = (
				D2D82B211F7CDD28000CAEE5 /* SampleAlamofireMapper */,
			);
		};
/* End PBXProject section */

/* Begin PBXResourcesBuildPhase section */
		D2D82B201F7CDD28000CAEE5 /* Resources */ = {
			isa = PBXResourcesBuildPhase;
			buildActionMask = 2147483647;
			files = (
				D2D82B321F7CDD28000CAEE5 /* LaunchScreen.storyboard in Resources */,
				D2D82B2F1F7CDD28000CAEE5 /* Assets.xcassets in Resources */,
				D2D82B2D1F7CDD28000CAEE5 /* Main.storyboard in Resources */,
			);
			runOnlyForDeploymentPostprocessing = 0;
		};
/* End PBXResourcesBuildPhase section */

/* Begin PBXShellScriptBuildPhase section */
		15FBA1ECC6A470406E076F75 /* [CP] Check Pods Manifest.lock */ = {
			isa = PBXShellScriptBuildPhase;
			buildActionMask = 2147483647;
			files = (
			);
			inputPaths = (
				"${PODS_PODFILE_DIR_PATH}/Podfile.lock",
				"${PODS_ROOT}/Manifest.lock",
			);
			name = "[CP] Check Pods Manifest.lock";
			outputPaths = (
				"$(DERIVED_FILE_DIR)/Pods-SampleAlamofireMapper-checkManifestLockResult.txt",
			);
			runOnlyForDeploymentPostprocessing = 0;
			shellPath = /bin/sh;
			shellScript = "diff \"${PODS_PODFILE_DIR_PATH}/Podfile.lock\" \"${PODS_ROOT}/Manifest.lock\" > /dev/null\nif [ $? != 0 ] ; then\n    # print error to STDERR\n    echo \"error: The sandbox is not in sync with the Podfile.lock. Run 'pod install' or update your CocoaPods installation.\" >&2\n    exit 1\nfi\n# This output is used by Xcode 'outputs' to avoid re-running this script phase.\necho \"SUCCESS\" > \"${SCRIPT_OUTPUT_FILE_0}\"\n";
			showEnvVarsInLog = 0;
		};
		38B5E17A186BC28192C41D0D /* [CP] Copy Pods Resources */ = {
			isa = PBXShellScriptBuildPhase;
			buildActionMask = 2147483647;
			files = (
			);
			inputPaths = (
			);
			name = "[CP] Copy Pods Resources";
			outputPaths = (
			);
			runOnlyForDeploymentPostprocessing = 0;
			shellPath = /bin/sh;
			shellScript = "\"${SRCROOT}/Pods/Target Support Files/Pods-SampleAlamofireMapper/Pods-SampleAlamofireMapper-resources.sh\"\n";
			showEnvVarsInLog = 0;
		};
		BCE161EE7FB81654CCF64931 /* [CP] Embed Pods Frameworks */ = {
			isa = PBXShellScriptBuildPhase;
			buildActionMask = 2147483647;
			files = (
			);
			inputPaths = (
				"${SRCROOT}/Pods/Target Support Files/Pods-SampleAlamofireMapper/Pods-SampleAlamofireMapper-frameworks.sh",
				"${BUILT_PRODUCTS_DIR}/Alamofire/Alamofire.framework",
				"${BUILT_PRODUCTS_DIR}/AlamofireObjectMapper/AlamofireObjectMapper.framework",
				"${BUILT_PRODUCTS_DIR}/ObjectMapper/ObjectMapper.framework",
				"${BUILT_PRODUCTS_DIR}/PromiseKit/PromiseKit.framework",
			);
			name = "[CP] Embed Pods Frameworks";
			outputPaths = (
				"${TARGET_BUILD_DIR}/${FRAMEWORKS_FOLDER_PATH}/Alamofire.framework",
				"${TARGET_BUILD_DIR}/${FRAMEWORKS_FOLDER_PATH}/AlamofireObjectMapper.framework",
				"${TARGET_BUILD_DIR}/${FRAMEWORKS_FOLDER_PATH}/ObjectMapper.framework",
				"${TARGET_BUILD_DIR}/${FRAMEWORKS_FOLDER_PATH}/PromiseKit.framework",
			);
			runOnlyForDeploymentPostprocessing = 0;
			shellPath = /bin/sh;
			shellScript = "\"${SRCROOT}/Pods/Target Support Files/Pods-SampleAlamofireMapper/Pods-SampleAlamofireMapper-frameworks.sh\"\n";
			showEnvVarsInLog = 0;
		};
/* End PBXShellScriptBuildPhase section */

/* Begin PBXSourcesBuildPhase section */
		D2D82B1E1F7CDD28000CAEE5 /* Sources */ = {
			isa = PBXSourcesBuildPhase;
			buildActionMask = 2147483647;
			files = (
				D2D82B401F7CDE84000CAEE5 /* TracksViewController.swift in Sources */,
				D2D82B261F7CDD28000CAEE5 /* AppDelegate.swift in Sources */,
			);
			runOnlyForDeploymentPostprocessing = 0;
		};
/* End PBXSourcesBuildPhase section */

/* Begin PBXVariantGroup section */
		D2D82B2B1F7CDD28000CAEE5 /* Main.storyboard */ = {
			isa = PBXVariantGroup;
			children = (
				D2D82B2C1F7CDD28000CAEE5 /* Base */,
			);
			name = Main.storyboard;
			sourceTree = "<group>";
		};
		D2D82B301F7CDD28000CAEE5 /* LaunchScreen.storyboard */ = {
			isa = PBXVariantGroup;
			children = (
				D2D82B311F7CDD28000CAEE5 /* Base */,
			);
			name = LaunchScreen.storyboard;
			sourceTree = "<group>";
		};
/* End PBXVariantGroup section */

/* Begin XCBuildConfiguration section */
		D2D82B341F7CDD28000CAEE5 /* Debug */ = {
			isa = XCBuildConfiguration;
			buildSettings = {
				ALWAYS_SEARCH_USER_PATHS = NO;
				CLANG_ANALYZER_NONNULL = YES;
				CLANG_ANALYZER_NUMBER_OBJECT_CONVERSION = YES_AGGRESSIVE;
				CLANG_CXX_LANGUAGE_STANDARD = "gnu++0x";
				CLANG_CXX_LIBRARY = "libc++";
				CLANG_ENABLE_MODULES = YES;
				CLANG_ENABLE_OBJC_ARC = YES;
				CLANG_WARN_BOOL_CONVERSION = YES;
				CLANG_WARN_CONSTANT_CONVERSION = YES;
				CLANG_WARN_DIRECT_OBJC_ISA_USAGE = YES_ERROR;
				CLANG_WARN_DOCUMENTATION_COMMENTS = YES;
				CLANG_WARN_EMPTY_BODY = YES;
				CLANG_WARN_ENUM_CONVERSION = YES;
				CLANG_WARN_INFINITE_RECURSION = YES;
				CLANG_WARN_INT_CONVERSION = YES;
				CLANG_WARN_OBJC_ROOT_CLASS = YES_ERROR;
				CLANG_WARN_SUSPICIOUS_MOVE = YES;
				CLANG_WARN_UNREACHABLE_CODE = YES;
				CLANG_WARN__DUPLICATE_METHOD_MATCH = YES;
				"CODE_SIGN_IDENTITY[sdk=iphoneos*]" = "iPhone Developer";
				COPY_PHASE_STRIP = NO;
				DEBUG_INFORMATION_FORMAT = dwarf;
				ENABLE_STRICT_OBJC_MSGSEND = YES;
				ENABLE_TESTABILITY = YES;
				GCC_C_LANGUAGE_STANDARD = gnu99;
				GCC_DYNAMIC_NO_PIC = NO;
				GCC_NO_COMMON_BLOCKS = YES;
				GCC_OPTIMIZATION_LEVEL = 0;
				GCC_PREPROCESSOR_DEFINITIONS = (
					"DEBUG=1",
					"$(inherited)",
				);
				GCC_WARN_64_TO_32_BIT_CONVERSION = YES;
				GCC_WARN_ABOUT_RETURN_TYPE = YES_ERROR;
				GCC_WARN_UNDECLARED_SELECTOR = YES;
				GCC_WARN_UNINITIALIZED_AUTOS = YES_AGGRESSIVE;
				GCC_WARN_UNUSED_FUNCTION = YES;
				GCC_WARN_UNUSED_VARIABLE = YES;
				IPHONEOS_DEPLOYMENT_TARGET = 10.3;
				MTL_ENABLE_DEBUG_INFO = YES;
				ONLY_ACTIVE_ARCH = YES;
				SDKROOT = iphoneos;
				SWIFT_ACTIVE_COMPILATION_CONDITIONS = DEBUG;
				SWIFT_OPTIMIZATION_LEVEL = "-Onone";
			};
			name = Debug;
		};
		D2D82B351F7CDD28000CAEE5 /* Release */ = {
			isa = XCBuildConfiguration;
			buildSettings = {
				ALWAYS_SEARCH_USER_PATHS = NO;
				CLANG_ANALYZER_NONNULL = YES;
				CLANG_ANALYZER_NUMBER_OBJECT_CONVERSION = YES_AGGRESSIVE;
				CLANG_CXX_LANGUAGE_STANDARD = "gnu++0x";
				CLANG_CXX_LIBRARY = "libc++";
				CLANG_ENABLE_MODULES = YES;
				CLANG_ENABLE_OBJC_ARC = YES;
				CLANG_WARN_BOOL_CONVERSION = YES;
				CLANG_WARN_CONSTANT_CONVERSION = YES;
				CLANG_WARN_DIRECT_OBJC_ISA_USAGE = YES_ERROR;
				CLANG_WARN_DOCUMENTATION_COMMENTS = YES;
				CLANG_WARN_EMPTY_BODY = YES;
				CLANG_WARN_ENUM_CONVERSION = YES;
				CLANG_WARN_INFINITE_RECURSION = YES;
				CLANG_WARN_INT_CONVERSION = YES;
				CLANG_WARN_OBJC_ROOT_CLASS = YES_ERROR;
				CLANG_WARN_SUSPICIOUS_MOVE = YES;
				CLANG_WARN_UNREACHABLE_CODE = YES;
				CLANG_WARN__DUPLICATE_METHOD_MATCH = YES;
				"CODE_SIGN_IDENTITY[sdk=iphoneos*]" = "iPhone Developer";
				COPY_PHASE_STRIP = NO;
				DEBUG_INFORMATION_FORMAT = "dwarf-with-dsym";
				ENABLE_NS_ASSERTIONS = NO;
				ENABLE_STRICT_OBJC_MSGSEND = YES;
				GCC_C_LANGUAGE_STANDARD = gnu99;
				GCC_NO_COMMON_BLOCKS = YES;
				GCC_WARN_64_TO_32_BIT_CONVERSION = YES;
				GCC_WARN_ABOUT_RETURN_TYPE = YES_ERROR;
				GCC_WARN_UNDECLARED_SELECTOR = YES;
				GCC_WARN_UNINITIALIZED_AUTOS = YES_AGGRESSIVE;
				GCC_WARN_UNUSED_FUNCTION = YES;
				GCC_WARN_UNUSED_VARIABLE = YES;
				IPHONEOS_DEPLOYMENT_TARGET = 10.3;
				MTL_ENABLE_DEBUG_INFO = NO;
				SDKROOT = iphoneos;
				SWIFT_OPTIMIZATION_LEVEL = "-Owholemodule";
				VALIDATE_PRODUCT = YES;
			};
			name = Release;
		};
		D2D82B371F7CDD28000CAEE5 /* Debug */ = {
			isa = XCBuildConfiguration;
			baseConfigurationReference = E374D42B2B145237798AFE60 /* Pods-SampleAlamofireMapper.debug.xcconfig */;
			buildSettings = {
				ASSETCATALOG_COMPILER_APPICON_NAME = AppIcon;
				INFOPLIST_FILE = SampleAlamofireMapper/Info.plist;
				LD_RUNPATH_SEARCH_PATHS = "$(inherited) @executable_path/Frameworks";
				PRODUCT_BUNDLE_IDENTIFIER = Thahir.SampleAlamofireMapper;
				PRODUCT_NAME = "$(TARGET_NAME)";
				SWIFT_VERSION = 3.0;
			};
			name = Debug;
		};
		D2D82B381F7CDD28000CAEE5 /* Release */ = {
			isa = XCBuildConfiguration;
			baseConfigurationReference = 66FE10527840DF1BBFE0B73B /* Pods-SampleAlamofireMapper.release.xcconfig */;
			buildSettings = {
				ASSETCATALOG_COMPILER_APPICON_NAME = AppIcon;
				INFOPLIST_FILE = SampleAlamofireMapper/Info.plist;
				LD_RUNPATH_SEARCH_PATHS = "$(inherited) @executable_path/Frameworks";
				PRODUCT_BUNDLE_IDENTIFIER = Thahir.SampleAlamofireMapper;
				PRODUCT_NAME = "$(TARGET_NAME)";
				SWIFT_VERSION = 3.0;
			};
			name = Release;
		};
/* End XCBuildConfiguration section */

/* Begin XCConfigurationList section */
		D2D82B1D1F7CDD28000CAEE5 /* Build configuration list for PBXProject "SampleAlamofireMapper" */ = {
			isa = XCConfigurationList;
			buildConfigurations = (
				D2D82B341F7CDD28000CAEE5 /* Debug */,
				D2D82B351F7CDD28000CAEE5 /* Release */,
			);
			defaultConfigurationIsVisible = 0;
			defaultConfigurationName = Release;
		};
		D2D82B361F7CDD28000CAEE5 /* Build configuration list for PBXNativeTarget "SampleAlamofireMapper" */ = {
			isa = XCConfigurationList;
			buildConfigurations = (
				D2D82B371F7CDD28000CAEE5 /* Debug */,
				D2D82B381F7CDD28000CAEE5 /* Release */,
			);
			defaultConfigurationIsVisible = 0;
			defaultConfigurationName = Release;
		};
/* End XCConfigurationList section */
	};
	rootObject = D2D82B1A1F7CDD28000CAEE5 /* Project object */;
}
