PODS:
  - Alamofire (4.5.1)
  - AlamofireObjectMapper (4.1.0):
    - Alamofire (~> 4.1)
    - ObjectMapper (~> 2.0)
  - ObjectMapper (2.2.9)
  - PromiseKit (4.4.0):
    - PromiseKit/Foundation (= 4.4.0)
    - PromiseKit/QuartzCore (= 4.4.0)
    - PromiseKit/UIKit (= 4.4.0)
  - PromiseKit/CorePromise (4.4.0)
  - PromiseKit/Foundation (4.4.0):
    - PromiseKit/CorePromise
  - PromiseKit/QuartzCore (4.4.0):
    - PromiseKit/CorePromise
  - PromiseKit/UIKit (4.4.0):
    - PromiseKit/CorePromise

DEPENDENCIES:
  - Alamofire (~> 4.4)
  - AlamofireObjectMapper (~> 4.0)
  - ObjectMapper (~> 2.2)
  - PromiseKit (~> 4.0)

SPEC CHECKSUMS:
  Alamofire: 2d95912bf4c34f164fdfc335872e8c312acaea4a
  AlamofireObjectMapper: 435adc82f5b367679bd9e71c4974a54efd0b2521
  ObjectMapper: 63cfe41bc6f8e7c8f44344c49901b8ae7de14c52
  PromiseKit: ecf5fe92275d57ee77c9ede858af47a162e9b97e

PODFILE CHECKSUM: cc43b65b8e7ab885ea62a47eaf123de913709d9c

COCOAPODS: 1.3.1
